// !$*UTF8*$!
{
	archiveVersion = 1;
	classes = {
	};
	objectVersion = 46;
	objects = {

/* Begin PBXBuildFile section */
		72EFB9D114E489C100CBE6D5 /* cmod.c in Sources */ = {isa = PBXBuildFile; fileRef = 72EFB9C914E489C100CBE6D5 /* cmod.c */; };
		72EFB9D214E489C100CBE6D5 /* filesystem.c in Sources */ = {isa = PBXBuildFile; fileRef = 72EFB9CB14E489C100CBE6D5 /* filesystem.c */; };
		72EFB9D314E489C100CBE6D5 /* playlist.c in Sources */ = {isa = PBXBuildFile; fileRef = 72EFB9CD14E489C100CBE6D5 /* playlist.c */; };
		72EFB9D414E489C100CBE6D5 /* utils.c in Sources */ = {isa = PBXBuildFile; fileRef = 72EFB9CF14E489C100CBE6D5 /* utils.c */; };
		72EFB9D614E48AAD00CBE6D5 /* libbassmod.dylib in Frameworks */ = {isa = PBXBuildFile; fileRef = 72EFB9D514E48AAD00CBE6D5 /* libbassmod.dylib */; };
		72EFB9D814E48AD300CBE6D5 /* libncurses.dylib in Frameworks */ = {isa = PBXBuildFile; fileRef = 72EFB9D714E48AD300CBE6D5 /* libncurses.dylib */; };
		72EFB9D914E4906400CBE6D5 /* libbassmod.dylib in CopyFiles */ = {isa = PBXBuildFile; fileRef = 72EFB9D514E48AAD00CBE6D5 /* libbassmod.dylib */; };
/* End PBXBuildFile section */

/* Begin PBXCopyFilesBuildPhase section */
		72EFB9B914E4888200CBE6D5 /* CopyFiles */ = {
			isa = PBXCopyFilesBuildPhase;
			buildActionMask = 12;
			dstPath = "";
			dstSubfolderSpec = 16;
			files = (
				72EFB9D914E4906400CBE6D5 /* libbassmod.dylib in CopyFiles */,
			);
			runOnlyForDeploymentPostprocessing = 0;
		};
/* End PBXCopyFilesBuildPhase section */

/* Begin PBXFileReference section */
		72EFB9BB14E4888200CBE6D5 /* cmod */ = {isa = PBXFileReference; explicitFileType = "compiled.mach-o.executable"; includeInIndex = 0; path = cmod; sourceTree = BUILT_PRODUCTS_DIR; };
		72EFB9C114E4888200CBE6D5 /* cmod.1 */ = {isa = PBXFileReference; lastKnownFileType = text.man; path = cmod.1; sourceTree = "<group>"; };
		72EFB9C814E489C100CBE6D5 /* bassmod.h */ = {isa = PBXFileReference; fileEncoding = 4; lastKnownFileType = sourcecode.c.h; path = bassmod.h; sourceTree = "<group>"; };
		72EFB9C914E489C100CBE6D5 /* cmod.c */ = {isa = PBXFileReference; fileEncoding = 4; lastKnownFileType = sourcecode.c.c; path = cmod.c; sourceTree = "<group>"; };
		72EFB9CA14E489C100CBE6D5 /* cmod.h */ = {isa = PBXFileReference; fileEncoding = 4; lastKnownFileType = sourcecode.c.h; path = cmod.h; sourceTree = "<group>"; };
		72EFB9CB14E489C100CBE6D5 /* filesystem.c */ = {isa = PBXFileReference; fileEncoding = 4; lastKnownFileType = sourcecode.c.c; path = filesystem.c; sourceTree = "<group>"; };
		72EFB9CC14E489C100CBE6D5 /* filesystem.h */ = {isa = PBXFileReference; fileEncoding = 4; lastKnownFileType = sourcecode.c.h; path = filesystem.h; sourceTree = "<group>"; };
		72EFB9CD14E489C100CBE6D5 /* playlist.c */ = {isa = PBXFileReference; fileEncoding = 4; lastKnownFileType = sourcecode.c.c; path = playlist.c; sourceTree = "<group>"; };
		72EFB9CE14E489C100CBE6D5 /* playlist.h */ = {isa = PBXFileReference; fileEncoding = 4; lastKnownFileType = sourcecode.c.h; path = playlist.h; sourceTree = "<group>"; };
		72EFB9CF14E489C100CBE6D5 /* utils.c */ = {isa = PBXFileReference; fileEncoding = 4; lastKnownFileType = sourcecode.c.c; path = utils.c; sourceTree = "<group>"; };
		72EFB9D014E489C100CBE6D5 /* utils.h */ = {isa = PBXFileReference; fileEncoding = 4; lastKnownFileType = sourcecode.c.h; path = utils.h; sourceTree = "<group>"; };
		72EFB9D514E48AAD00CBE6D5 /* libbassmod.dylib */ = {isa = PBXFileReference; lastKnownFileType = "compiled.mach-o.dylib"; name = libbassmod.dylib; path = cmod/libbassmod.dylib; sourceTree = "<group>"; };
		72EFB9D714E48AD300CBE6D5 /* libncurses.dylib */ = {isa = PBXFileReference; lastKnownFileType = "compiled.mach-o.dylib"; name = libncurses.dylib; path = usr/lib/libncurses.dylib; sourceTree = SDKROOT; };
/* End PBXFileReference section */

/* Begin PBXFrameworksBuildPhase section */
		72EFB9B814E4888200CBE6D5 /* Frameworks */ = {
			isa = PBXFrameworksBuildPhase;
			buildActionMask = 2147483647;
			files = (
				72EFB9D814E48AD300CBE6D5 /* libncurses.dylib in Frameworks */,
				72EFB9D614E48AAD00CBE6D5 /* libbassmod.dylib in Frameworks */,
			);
			runOnlyForDeploymentPostprocessing = 0;
		};
/* End PBXFrameworksBuildPhase section */

/* Begin PBXGroup section */
		72EFB9B014E4888200CBE6D5 = {
			isa = PBXGroup;
			children = (
				72EFB9D714E48AD300CBE6D5 /* libncurses.dylib */,
				72EFB9D514E48AAD00CBE6D5 /* libbassmod.dylib */,
				72EFB9BE14E4888200CBE6D5 /* cmod */,
				72EFB9BC14E4888200CBE6D5 /* Products */,
			);
			sourceTree = "<group>";
		};
		72EFB9BC14E4888200CBE6D5 /* Products */ = {
			isa = PBXGroup;
			children = (
				72EFB9BB14E4888200CBE6D5 /* cmod */,
			);
			name = Products;
			sourceTree = "<group>";
		};
		72EFB9BE14E4888200CBE6D5 /* cmod */ = {
			isa = PBXGroup;
			children = (
				72EFB9C814E489C100CBE6D5 /* bassmod.h */,
				72EFB9C914E489C100CBE6D5 /* cmod.c */,
				72EFB9CA14E489C100CBE6D5 /* cmod.h */,
				72EFB9CB14E489C100CBE6D5 /* filesystem.c */,
				72EFB9CC14E489C100CBE6D5 /* filesystem.h */,
				72EFB9CD14E489C100CBE6D5 /* playlist.c */,
				72EFB9CE14E489C100CBE6D5 /* playlist.h */,
				72EFB9CF14E489C100CBE6D5 /* utils.c */,
				72EFB9D014E489C100CBE6D5 /* utils.h */,
				72EFB9C114E4888200CBE6D5 /* cmod.1 */,
			);
			path = cmod;
			sourceTree = "<group>";
		};
/* End PBXGroup section */

/* Begin PBXNativeTarget section */
		72EFB9BA14E4888200CBE6D5 /* cmod */ = {
			isa = PBXNativeTarget;
			buildConfigurationList = 72EFB9C514E4888200CBE6D5 /* Build configuration list for PBXNativeTarget "cmod" */;
			buildPhases = (
				72EFB9B714E4888200CBE6D5 /* Sources */,
				72EFB9B814E4888200CBE6D5 /* Frameworks */,
				72EFB9B914E4888200CBE6D5 /* CopyFiles */,
			);
			buildRules = (
			);
			dependencies = (
			);
			name = cmod;
			productName = cmod;
			productReference = 72EFB9BB14E4888200CBE6D5 /* cmod */;
			productType = "com.apple.product-type.tool";
		};
/* End PBXNativeTarget section */

/* Begin PBXProject section */
		72EFB9B214E4888200CBE6D5 /* Project object */ = {
			isa = PBXProject;
			attributes = {
				LastUpgradeCheck = 0420;
				ORGANIZATIONNAME = "Josep Llodrà Grimalt";
			};
			buildConfigurationList = 72EFB9B514E4888200CBE6D5 /* Build configuration list for PBXProject "cmod" */;
			compatibilityVersion = "Xcode 3.2";
			developmentRegion = English;
			hasScannedForEncodings = 0;
			knownRegions = (
				en,
			);
			mainGroup = 72EFB9B014E4888200CBE6D5;
			productRefGroup = 72EFB9BC14E4888200CBE6D5 /* Products */;
			projectDirPath = "";
			projectRoot = "";
			targets = (
				72EFB9BA14E4888200CBE6D5 /* cmod */,
			);
		};
/* End PBXProject section */

/* Begin PBXSourcesBuildPhase section */
		72EFB9B714E4888200CBE6D5 /* Sources */ = {
			isa = PBXSourcesBuildPhase;
			buildActionMask = 2147483647;
			files = (
				72EFB9D114E489C100CBE6D5 /* cmod.c in Sources */,
				72EFB9D214E489C100CBE6D5 /* filesystem.c in Sources */,
				72EFB9D314E489C100CBE6D5 /* playlist.c in Sources */,
				72EFB9D414E489C100CBE6D5 /* utils.c in Sources */,
			);
			runOnlyForDeploymentPostprocessing = 0;
		};
/* End PBXSourcesBuildPhase section */

/* Begin XCBuildConfiguration section */
		72EFB9C314E4888200CBE6D5 /* Debug */ = {
			isa = XCBuildConfiguration;
			buildSettings = {
				ALWAYS_SEARCH_USER_PATHS = NO;
				ARCHS = "$(ARCHS_STANDARD_32_BIT)";
				COPY_PHASE_STRIP = NO;
				GCC_C_LANGUAGE_STANDARD = gnu99;
				GCC_DYNAMIC_NO_PIC = NO;
				GCC_ENABLE_OBJC_EXCEPTIONS = YES;
				GCC_OPTIMIZATION_LEVEL = 0;
				GCC_PREPROCESSOR_DEFINITIONS = (
					"DEBUG=1",
					"$(inherited)",
				);
				GCC_SYMBOLS_PRIVATE_EXTERN = NO;
				GCC_VERSION = com.apple.compilers.llvm.clang.1_0;
				GCC_WARN_64_TO_32_BIT_CONVERSION = YES;
				GCC_WARN_ABOUT_MISSING_PROTOTYPES = YES;
				GCC_WARN_ABOUT_RETURN_TYPE = YES;
				GCC_WARN_UNUSED_VARIABLE = YES;
				MACOSX_DEPLOYMENT_TARGET = 10.7;
				ONLY_ACTIVE_ARCH = YES;
				SDKROOT = macosx;
				VALID_ARCHS = i386;
			};
			name = Debug;
		};
		72EFB9C414E4888200CBE6D5 /* Release */ = {
			isa = XCBuildConfiguration;
			buildSettings = {
				ALWAYS_SEARCH_USER_PATHS = NO;
				ARCHS = "$(ARCHS_STANDARD_32_BIT)";
				COPY_PHASE_STRIP = YES;
				DEBUG_INFORMATION_FORMAT = "dwarf-with-dsym";
				GCC_C_LANGUAGE_STANDARD = gnu99;
				GCC_ENABLE_OBJC_EXCEPTIONS = YES;
				GCC_VERSION = com.apple.compilers.llvm.clang.1_0;
				GCC_WARN_64_TO_32_BIT_CONVERSION = YES;
				GCC_WARN_ABOUT_MISSING_PROTOTYPES = YES;
				GCC_WARN_ABOUT_RETURN_TYPE = YES;
				GCC_WARN_UNUSED_VARIABLE = YES;
				MACOSX_DEPLOYMENT_TARGET = 10.7;
				SDKROOT = macosx;
				VALID_ARCHS = i386;
			};
			name = Release;
		};
		72EFB9C614E4888200CBE6D5 /* Debug */ = {
			isa = XCBuildConfiguration;
			buildSettings = {
				ARCHS = "$(ARCHS_STANDARD_32_BIT)";
				GCC_C_LANGUAGE_STANDARD = gnu99;
				GCC_PREPROCESSOR_DEFINITIONS_NOT_USED_IN_PRECOMPS = "NCURSES_OPAQUE=0";
				LIBRARY_SEARCH_PATHS = (
					"$(inherited)",
					"\"$(SRCROOT)/cmod\"",
				);
				PRODUCT_NAME = "$(TARGET_NAME)";
				VALID_ARCHS = i386;
			};
			name = Debug;
		};
		72EFB9C714E4888200CBE6D5 /* Release */ = {
			isa = XCBuildConfiguration;
			buildSettings = {
				ARCHS = "$(ARCHS_STANDARD_32_BIT)";
				GCC_C_LANGUAGE_STANDARD = gnu99;
				GCC_PREPROCESSOR_DEFINITIONS_NOT_USED_IN_PRECOMPS = "NCURSES_OPAQUE=0";
				LIBRARY_SEARCH_PATHS = (
					"$(inherited)",
					"\"$(SRCROOT)/cmod\"",
				);
				PRODUCT_NAME = "$(TARGET_NAME)";
				VALID_ARCHS = i386;
			};
			name = Release;
		};
/* End XCBuildConfiguration section */

/* Begin XCConfigurationList section */
		72EFB9B514E4888200CBE6D5 /* Build configuration list for PBXProject "cmod" */ = {
			isa = XCConfigurationList;
			buildConfigurations = (
				72EFB9C314E4888200CBE6D5 /* Debug */,
				72EFB9C414E4888200CBE6D5 /* Release */,
			);
			defaultConfigurationIsVisible = 0;
			defaultConfigurationName = Release;
		};
		72EFB9C514E4888200CBE6D5 /* Build configuration list for PBXNativeTarget "cmod" */ = {
			isa = XCConfigurationList;
			buildConfigurations = (
				72EFB9C614E4888200CBE6D5 /* Debug */,
				72EFB9C714E4888200CBE6D5 /* Release */,
			);
			defaultConfigurationIsVisible = 0;
		};
/* End XCConfigurationList section */
	};
	rootObject = 72EFB9B214E4888200CBE6D5 /* Project object */;
}
